# DO NOT EDIT MANUALLY - Managed by Fern Replay
version: "1.0"
generations:
  - commit_sha: f631923c98d9161665156652789a58902009b805
    tree_hash: 872074a659baa229a5564e34250e9b648d1751fd
    timestamp: 2026-05-19T21:18:26.039Z
    cli_version: unknown
    generator_versions: {}
current_generation: f631923c98d9161665156652789a58902009b805
patches: []
